
Microsoft Visual Studio Solution File, Format Version 12.00
# Visual Studio Version 17
VisualStudioVersion = 17.1.32421.90
MinimumVisualStudioVersion = 10.0.40219.1
Project("{FAE04EC0-301F-11D3-BF4B-00C04F79EFBC}") = "AdoNetConectado", "AdoNetConectado.csproj", "{007E94A5-3F21-42BE-BEFA-0CBC5A733E37}"
EndProject
Global
	GlobalSection(SolutionConfigurationPlatforms) = preSolution
		Debug|Any CPU = Debug|Any CPU
		Release|Any CPU = Release|Any CPU
	EndGlobalSection
	GlobalSection(ProjectConfigurationPlatforms) = postSolution
		{007E94A5-3F21-42BE-BEFA-0CBC5A733E37}.Debug|Any CPU.ActiveCfg = Debug|Any CPU
		{007E94A5-3F21-42BE-BEFA-0CBC5A733E37}.Debug|Any CPU.Build.0 = Debug|Any CPU
		{007E94A5-3F21-42BE-BEFA-0CBC5A733E37}.Release|Any CPU.ActiveCfg = Release|Any CPU
		{007E94A5-3F21-42BE-BEFA-0CBC5A733E37}.Release|Any CPU.Build.0 = Release|Any CPU
	EndGlobalSection
	GlobalSection(SolutionProperties) = preSolution
		HideSolutionNode = FALSE
	EndGlobalSection
	GlobalSection(ExtensibilityGlobals) = postSolution
		SolutionGuid = {9092EB62-5BD2-4D89-86AD-9420E1FDB321}
	EndGlobalSection
EndGlobal
